
Microsoft Visual Studio Solution File, Format Version 12.00
# Visual Studio 15
VisualStudioVersion = 15.0.27703.2035
MinimumVisualStudioVersion = 10.0.40219.1
Project("{FAE04EC0-301F-11D3-BF4B-00C04F79EFBC}") = "ArraySort", "ArraySort\ArraySort.csproj", "{D497A522-9481-416E-8702-B1900A24B73F}"
EndProject
Global
	GlobalSection(SolutionConfigurationPlatforms) = preSolution
		Debug|Any CPU = Debug|Any CPU
		Release|Any CPU = Release|Any CPU
	EndGlobalSection
	GlobalSection(ProjectConfigurationPlatforms) = postSolution
		{D497A522-9481-416E-8702-B1900A24B73F}.Debug|Any CPU.ActiveCfg = Debug|Any CPU
		{D497A522-9481-416E-8702-B1900A24B73F}.Debug|Any CPU.Build.0 = Debug|Any CPU
		{D497A522-9481-416E-8702-B1900A24B73F}.Release|Any CPU.ActiveCfg = Release|Any CPU
		{D497A522-9481-416E-8702-B1900A24B73F}.Release|Any CPU.Build.0 = Release|Any CPU
	EndGlobalSection
	GlobalSection(SolutionProperties) = preSolution
		HideSolutionNode = FALSE
	EndGlobalSection
	GlobalSection(ExtensibilityGlobals) = postSolution
		SolutionGuid = {0D556F51-897E-46C1-A533-73F653A8F9E2}
	EndGlobalSection
EndGlobal
